
Microsoft Visual Studio Solution File, Format Version 12.00
# Visual Studio 15
Project("{FAE04EC0-301F-11D3-BF4B-00C04F79EFBC}") = "postExample", "postExample\postExample.csproj", "{9FA7AE6D-F671-44C9-A89A-A4EA1250C3CA}"
EndProject
Global
	GlobalSection(SolutionConfigurationPlatforms) = preSolution
		Debug|Any CPU = Debug|Any CPU
		Release|Any CPU = Release|Any CPU
	EndGlobalSection
	GlobalSection(ProjectConfigurationPlatforms) = postSolution
		{9FA7AE6D-F671-44C9-A89A-A4EA1250C3CA}.Debug|Any CPU.ActiveCfg = Debug|Any CPU
		{9FA7AE6D-F671-44C9-A89A-A4EA1250C3CA}.Debug|Any CPU.Build.0 = Debug|Any CPU
		{9FA7AE6D-F671-44C9-A89A-A4EA1250C3CA}.Release|Any CPU.ActiveCfg = Release|Any CPU
		{9FA7AE6D-F671-44C9-A89A-A4EA1250C3CA}.Release|Any CPU.Build.0 = Release|Any CPU
	EndGlobalSection
EndGlobal
